{
  "name": "xss-attacker-site",
  "version": "1.0.0",
  "lockfileVersion": 2,
  "requires": true,
  "packages": {
    "": {
      "name": "xss-attacker-site",
      "version": "1.0.0",
      "dependencies": {
        "express": "^4.18.2",
        "https": "^1.0.0",
        "fs": "^0.0.1-security"
      }
    }
  }
}